
Microsoft Visual Studio Solution File, Format Version 12.00
# Visual Studio Version 16
VisualStudioVersion = 16.0.32126.315
MinimumVisualStudioVersion = 10.0.40219.1
Project("{FAE04EC0-301F-11D3-BF4B-00C04F79EFBC}") = "homeTask_7", "homeTask_7\homeTask_7.csproj", "{87EA90E8-A718-4CF4-A6D1-A29EB46AAE1A}"
EndProject
Global
	GlobalSection(SolutionConfigurationPlatforms) = preSolution
		Debug|Any CPU = Debug|Any CPU
		Release|Any CPU = Release|Any CPU
	EndGlobalSection
	GlobalSection(ProjectConfigurationPlatforms) = postSolution
		{87EA90E8-A718-4CF4-A6D1-A29EB46AAE1A}.Debug|Any CPU.ActiveCfg = Debug|Any CPU
		{87EA90E8-A718-4CF4-A6D1-A29EB46AAE1A}.Debug|Any CPU.Build.0 = Debug|Any CPU
		{87EA90E8-A718-4CF4-A6D1-A29EB46AAE1A}.Release|Any CPU.ActiveCfg = Release|Any CPU
		{87EA90E8-A718-4CF4-A6D1-A29EB46AAE1A}.Release|Any CPU.Build.0 = Release|Any CPU
	EndGlobalSection
	GlobalSection(SolutionProperties) = preSolution
		HideSolutionNode = FALSE
	EndGlobalSection
	GlobalSection(ExtensibilityGlobals) = postSolution
		SolutionGuid = {D58574C1-EC34-48DD-B90E-C11A5F038200}
	EndGlobalSection
EndGlobal
