
Microsoft Visual Studio Solution File, Format Version 12.00
# Visual Studio Version 16
VisualStudioVersion = 16.0.32126.315
MinimumVisualStudioVersion = 10.0.40219.1
Project("{9A19103F-16F7-4668-BE54-9A1E7A4F7556}") = "homeTask_10", "homeTask_10\homeTask_10.csproj", "{33D497F1-4395-4EA7-A7B4-E0205121CAF8}"
EndProject
Project("{FAE04EC0-301F-11D3-BF4B-00C04F79EFBC}") = "TestUnitTestsForHome11", "TestUnitTestsForHome11\TestUnitTestsForHome11.csproj", "{F83811BB-B279-487E-9383-D5495E9F656D}"
EndProject
Global
	GlobalSection(SolutionConfigurationPlatforms) = preSolution
		Debug|Any CPU = Debug|Any CPU
		Release|Any CPU = Release|Any CPU
	EndGlobalSection
	GlobalSection(ProjectConfigurationPlatforms) = postSolution
		{33D497F1-4395-4EA7-A7B4-E0205121CAF8}.Debug|Any CPU.ActiveCfg = Debug|Any CPU
		{33D497F1-4395-4EA7-A7B4-E0205121CAF8}.Debug|Any CPU.Build.0 = Debug|Any CPU
		{33D497F1-4395-4EA7-A7B4-E0205121CAF8}.Release|Any CPU.ActiveCfg = Release|Any CPU
		{33D497F1-4395-4EA7-A7B4-E0205121CAF8}.Release|Any CPU.Build.0 = Release|Any CPU
		{F83811BB-B279-487E-9383-D5495E9F656D}.Debug|Any CPU.ActiveCfg = Debug|Any CPU
		{F83811BB-B279-487E-9383-D5495E9F656D}.Debug|Any CPU.Build.0 = Debug|Any CPU
		{F83811BB-B279-487E-9383-D5495E9F656D}.Release|Any CPU.ActiveCfg = Release|Any CPU
		{F83811BB-B279-487E-9383-D5495E9F656D}.Release|Any CPU.Build.0 = Release|Any CPU
	EndGlobalSection
	GlobalSection(SolutionProperties) = preSolution
		HideSolutionNode = FALSE
	EndGlobalSection
	GlobalSection(ExtensibilityGlobals) = postSolution
		SolutionGuid = {720B0701-A4F3-48C6-92D4-FD5A8EBF7AC4}
	EndGlobalSection
EndGlobal
