
Microsoft Visual Studio Solution File, Format Version 12.00
# Visual Studio Version 16
VisualStudioVersion = 16.0.32126.315
MinimumVisualStudioVersion = 10.0.40219.1
Project("{9A19103F-16F7-4668-BE54-9A1E7A4F7556}") = "HomeTask70", "homeTask70\HomeTask70.csproj", "{302F8833-C812-445E-AB47-57E4B5B978A7}"
EndProject
Project("{9A19103F-16F7-4668-BE54-9A1E7A4F7556}") = "NUnitHomeTask70", "NUnitHomeTask70\NUnitHomeTask70.csproj", "{AD00CFD7-4D5D-4EAE-8C82-B87ADC419C4E}"
EndProject
Global
	GlobalSection(SolutionConfigurationPlatforms) = preSolution
		Debug|Any CPU = Debug|Any CPU
		Release|Any CPU = Release|Any CPU
	EndGlobalSection
	GlobalSection(ProjectConfigurationPlatforms) = postSolution
		{302F8833-C812-445E-AB47-57E4B5B978A7}.Debug|Any CPU.ActiveCfg = Debug|Any CPU
		{302F8833-C812-445E-AB47-57E4B5B978A7}.Debug|Any CPU.Build.0 = Debug|Any CPU
		{302F8833-C812-445E-AB47-57E4B5B978A7}.Release|Any CPU.ActiveCfg = Release|Any CPU
		{302F8833-C812-445E-AB47-57E4B5B978A7}.Release|Any CPU.Build.0 = Release|Any CPU
		{AD00CFD7-4D5D-4EAE-8C82-B87ADC419C4E}.Debug|Any CPU.ActiveCfg = Debug|Any CPU
		{AD00CFD7-4D5D-4EAE-8C82-B87ADC419C4E}.Debug|Any CPU.Build.0 = Debug|Any CPU
		{AD00CFD7-4D5D-4EAE-8C82-B87ADC419C4E}.Release|Any CPU.ActiveCfg = Release|Any CPU
		{AD00CFD7-4D5D-4EAE-8C82-B87ADC419C4E}.Release|Any CPU.Build.0 = Release|Any CPU
	EndGlobalSection
	GlobalSection(SolutionProperties) = preSolution
		HideSolutionNode = FALSE
	EndGlobalSection
	GlobalSection(ExtensibilityGlobals) = postSolution
		SolutionGuid = {6E19157F-4175-46D0-BBF6-91A1EE1CEFE6}
	EndGlobalSection
EndGlobal
